
Microsoft Visual Studio Solution File, Format Version 12.00
# Visual Studio Version 16
VisualStudioVersion = 16.0.28917.182
MinimumVisualStudioVersion = 10.0.40219.1
Project("{9A19103F-16F7-4668-BE54-9A1E7A4F7556}") = "CudellProject.UserInterface.WindowsAuth", "CudellProject.UserInterface.WindowsAuth\CudellProject.UserInterface.WindowsAuth.csproj", "{9237577D-E78E-44EE-87E1-EE9C2A3A7CB0}"
	ProjectSection(ProjectDependencies) = postProject
		{7374EA78-103D-4B67-AD4E-72F7249EF467} = {7374EA78-103D-4B67-AD4E-72F7249EF467}
		{9B03AECB-4786-4CA4-9221-A5D8B6665DCB} = {9B03AECB-4786-4CA4-9221-A5D8B6665DCB}
	EndProjectSection
EndProject
Project("{FAE04EC0-301F-11D3-BF4B-00C04F79EFBC}") = "CudellProject.Data", "CudellProject.Data\CudellProject.Data.csproj", "{7374EA78-103D-4B67-AD4E-72F7249EF467}"
EndProject
Project("{FAE04EC0-301F-11D3-BF4B-00C04F79EFBC}") = "CudellProject.Services", "CudellProject.Services\CudellProject.Services.csproj", "{9B03AECB-4786-4CA4-9221-A5D8B6665DCB}"
	ProjectSection(ProjectDependencies) = postProject
		{7374EA78-103D-4B67-AD4E-72F7249EF467} = {7374EA78-103D-4B67-AD4E-72F7249EF467}
	EndProjectSection
EndProject
Global
	GlobalSection(SolutionConfigurationPlatforms) = preSolution
		Debug|Any CPU = Debug|Any CPU
		Release|Any CPU = Release|Any CPU
	EndGlobalSection
	GlobalSection(ProjectConfigurationPlatforms) = postSolution
		{9237577D-E78E-44EE-87E1-EE9C2A3A7CB0}.Debug|Any CPU.ActiveCfg = Debug|Any CPU
		{9237577D-E78E-44EE-87E1-EE9C2A3A7CB0}.Debug|Any CPU.Build.0 = Debug|Any CPU
		{9237577D-E78E-44EE-87E1-EE9C2A3A7CB0}.Release|Any CPU.ActiveCfg = Release|Any CPU
		{9237577D-E78E-44EE-87E1-EE9C2A3A7CB0}.Release|Any CPU.Build.0 = Release|Any CPU
		{7374EA78-103D-4B67-AD4E-72F7249EF467}.Debug|Any CPU.ActiveCfg = Debug|Any CPU
		{7374EA78-103D-4B67-AD4E-72F7249EF467}.Debug|Any CPU.Build.0 = Debug|Any CPU
		{7374EA78-103D-4B67-AD4E-72F7249EF467}.Release|Any CPU.ActiveCfg = Release|Any CPU
		{7374EA78-103D-4B67-AD4E-72F7249EF467}.Release|Any CPU.Build.0 = Release|Any CPU
		{9B03AECB-4786-4CA4-9221-A5D8B6665DCB}.Debug|Any CPU.ActiveCfg = Debug|Any CPU
		{9B03AECB-4786-4CA4-9221-A5D8B6665DCB}.Debug|Any CPU.Build.0 = Debug|Any CPU
		{9B03AECB-4786-4CA4-9221-A5D8B6665DCB}.Release|Any CPU.ActiveCfg = Release|Any CPU
		{9B03AECB-4786-4CA4-9221-A5D8B6665DCB}.Release|Any CPU.Build.0 = Release|Any CPU
	EndGlobalSection
	GlobalSection(SolutionProperties) = preSolution
		HideSolutionNode = FALSE
	EndGlobalSection
	GlobalSection(ExtensibilityGlobals) = postSolution
		SolutionGuid = {1EF163A1-1B9A-42A3-8F34-D72CC09E8711}
	EndGlobalSection
EndGlobal
